{
  "name": "vue-bpmn",
  "version": "0.3.0",
  "lockfileVersion": 2,
  "requires": true,
  "packages": {
    "": {
      "name": "vue-bpmn",
      "version": "0.3.0",
      "license": "MIT",
      "devDependencies": {
        "rollup": "^4.0.0",
        "rollup-plugin-commonjs": "^10.0.0",
        "rollup-plugin-vue": "^6.0.0",
        "vue-template-compiler": "^2.6.10"
      }
    },
    "node_modules/@babel/parser": {
      "version": "7.23.0",
      "resolved": "https://registry.npmjs.org/@babel/parser/-/parser-7.23.0.tgz",
      "integrity": "sha512-vvPKKdMemU85V9WE/l5wZEmImpCtLqbnTvqDS2U1fJ96KrxoW7KrXhNsNCblQlg8Ck4b85yxdTyelsMUgFUXiw==",
      "dev": true,
      "peer": true,
      "bin": {
        "parser": "bin/babel-parser.js"
      },
      "engines": {
        "node": ">=6.0.0"
      }
    },
    "node_modules/@jridgewell/sourcemap-codec": {
      "version": "1.4.15",
      "resolved": "https://registry.npmjs.org/@jridgewell/sourcemap-codec/-/sourcemap-codec-1.4.15.tgz",
      "integrity": "sha512-eF2rxCRulEKXHTRiDrDy6erMYWqNw4LPdQ8UQA4huuxaQsVeRPFl2oM8oDGxMFhJUWZf9McpLtJasDDZb/Bpeg==",
      "dev": true,
      "peer": true
    },
    "node_modules/@rollup/rollup-android-arm-eabi": {
      "version": "4.0.0",
      "resolved": "https://registry.npmjs.org/@rollup/rollup-android-arm-eabi/-/rollup-android-arm-eabi-4.0.0.tgz",
      "integrity": "sha512-rN3qt1JzOx0v7JWyK68zkb3yf1k1f1OhhHR0i7vLlGlediTtM3FKsOkestQN6HwJ9nEaP3KxPHxH5Xv7yr6f4w==",
      "cpu": [
        "arm"
      ],
      "dev": true,
      "optional": true,
      "os": [
        "android"
      ]
    },
    "node_modules/@rollup/rollup-android-arm64": {
      "version": "4.0.0",
      "resolved": "https://registry.npmjs.org/@rollup/rollup-android-arm64/-/rollup-android-arm64-4.0.0.tgz",
      "integrity": "sha512-dcdg6Zp2bqIS/+2FHhdSS+lbcySufP2fYYoXkDa4W6uHE22L15psftdQZtFhxvvqRWPD1HsK0xIj5f07zuujkg==",
      "cpu": [
        "arm64"
      ],
      "dev": true,
      "optional": true,
      "os": [
        "android"
      ]
    },
    "node_modules/@rollup/rollup-darwin-arm64": {
      "version": "4.0.0",
      "resolved": "https://registry.npmjs.org/@rollup/rollup-darwin-arm64/-/rollup-darwin-arm64-4.0.0.tgz",
      "integrity": "sha512-mOz75DpOOHGk4+xYbh1E23vmSOrOqskTwq9s/e2Z46eYbTZ0+s/UVoS42cLG8dUe6enF2Xh3hTtiIEzLhO9kmA==",
      "cpu": [
        "arm64"
      ],
      "dev": true,
      "optional": true,
      "os": [
        "darwin"
      ]
    },
    "node_modules/@rollup/rollup-darwin-x64": {
      "version": "4.0.0",
      "resolved": "https://registry.npmjs.org/@rollup/rollup-darwin-x64/-/rollup-darwin-x64-4.0.0.tgz",
      "integrity": "sha512-rEBuHQ2ejl9gb0//19F88gR7Z9HY2kcCX8jT5LhCHqGqAvlloETXO1FD7DKEdqGz98UtJy6pVAxxeVBN4tlWag==",
      "cpu": [
        "x64"
      ],
      "dev": true,
      "optional": true,
      "os": [
        "darwin"
      ]
    },
    "node_modules/@rollup/rollup-linux-arm-gnueabihf": {
      "version": "4.0.0",
      "resolved": "https://registry.npmjs.org/@rollup/rollup-linux-arm-gnueabihf/-/rollup-linux-arm-gnueabihf-4.0.0.tgz",
      "integrity": "sha512-W4Elp0SGWqWOkdgoYniOp6ERrhHYRfMPikUZmnU/kAdLXQ9p0M0meF648Z6Y7ClHJr8pIQpcCdmr7E2h8Kn7Fw==",
      "cpu": [
        "arm"
      ],
      "dev": true,
      "optional": true,
      "os": [
        "linux"
      ]
    },
    "node_modules/@rollup/rollup-linux-arm64-gnu": {
      "version": "4.0.0",
      "resolved": "https://registry.npmjs.org/@rollup/rollup-linux-arm64-gnu/-/rollup-linux-arm64-gnu-4.0.0.tgz",
      "integrity": "sha512-/BTevM/UKprMJgFse0nm+YXQ83iDqArru+k3kZtQlvaNMWdkLcyscOP8SwWPpR0CJuLlXr8Gtpps+EgH3TUqLA==",
      "cpu": [
        "arm64"
      ],
      "dev": true,
      "optional": true,
      "os": [
        "linux"
      ]
    },
    "node_modules/@rollup/rollup-linux-x64-gnu": {
      "version": "4.0.0",
      "resolved": "https://registry.npmjs.org/@rollup/rollup-linux-x64-gnu/-/rollup-linux-x64-gnu-4.0.0.tgz",
      "integrity": "sha512-Pz2FD/4FUZM98+rcpuGAJgatW5/dW/pXXrbanjtir38EYqqmdVc0odHwqlQ+KFY2C5P+B6PJO5vom8PmJQLdug==",
      "cpu": [
        "x64"
      ],
      "dev": true,
      "optional": true,
      "os": [
        "linux"
      ]
    },
    "node_modules/@rollup/rollup-linux-x64-musl": {
      "version": "4.0.0",
      "resolved": "https://registry.npmjs.org/@rollup/rollup-linux-x64-musl/-/rollup-linux-x64-musl-4.0.0.tgz",
      "integrity": "sha512-Xs2tOshU5MD7nK5WnaSBUwiFdBlMtyKdXOOnBno4IRbDIyrjLtx9lnSIO47FNP0LtpGfyOcsK/lE/ZsLlnXyIg==",
      "cpu": [
        "x64"
      ],
      "dev": true,
      "optional": true,
      "os": [
        "linux"
      ]
    },
    "node_modules/@rollup/rollup-win32-arm64-msvc": {
      "version": "4.0.0",
      "resolved": "https://registry.npmjs.org/@rollup/rollup-win32-arm64-msvc/-/rollup-win32-arm64-msvc-4.0.0.tgz",
      "integrity": "sha512-h2r04SsqVMbmaIRSMN3HKQLYpKewJ7rWQx1SwEZQMeXRkecWFBBNOfoB3iMlvvUfc3VUOonR/3Dm/Op6yOD2Lg==",
      "cpu": [
        "arm64"
      ],
      "dev": true,
      "optional": true,
      "os": [
        "win32"
      ]
    },
    "node_modules/@rollup/rollup-win32-ia32-msvc": {
      "version": "4.0.0",
      "resolved": "https://registry.npmjs.org/@rollup/rollup-win32-ia32-msvc/-/rollup-win32-ia32-msvc-4.0.0.tgz",
      "integrity": "sha512-1pl05L51RbVLnqZTEpbgG2RxeS7VLysF7vhU8v1EOAMqbLzko64r8+S2SxsNDKODsgusFqHO8rc3w+G9VUjodw==",
      "cpu": [
        "ia32"
      ],
      "dev": true,
      "optional": true,
      "os": [
        "win32"
      ]
    },
    "node_modules/@rollup/rollup-win32-x64-msvc": {
      "version": "4.0.0",
      "resolved": "https://registry.npmjs.org/@rollup/rollup-win32-x64-msvc/-/rollup-win32-x64-msvc-4.0.0.tgz",
      "integrity": "sha512-GDi4TkL95/J0ven1wt+q2cfdg1k9UEIQiF58lSC36KUdA0xtlqgLPEDlNAhu6NTXJ491eiZ71lQbLu1D7hlz9w==",
      "cpu": [
        "x64"
      ],
      "dev": true,
      "optional": true,
      "os": [
        "win32"
      ]
    },
    "node_modules/@types/estree": {
      "version": "0.0.39",
      "resolved": "https://registry.npmjs.org/@types/estree/-/estree-0.0.39.tgz",
      "integrity": "sha512-EYNwp3bU+98cpU4lAWYYL7Zz+2gryWH1qbdDTidVd6hkiR6weksdbMadyXKXNPEkQFhXM+hVO9ZygomHXp+AIw==",
      "dev": true
    },
    "node_modules/@vue/compiler-core": {
      "version": "3.3.4",
      "resolved": "https://registry.npmjs.org/@vue/compiler-core/-/compiler-core-3.3.4.tgz",
      "integrity": "sha512-cquyDNvZ6jTbf/+x+AgM2Arrp6G4Dzbb0R64jiG804HRMfRiFXWI6kqUVqZ6ZR0bQhIoQjB4+2bhNtVwndW15g==",
      "dev": true,
      "peer": true,
      "dependencies": {
        "@babel/parser": "^7.21.3",
        "@vue/shared": "3.3.4",
        "estree-walker": "^2.0.2",
        "source-map-js": "^1.0.2"
      }
    },
    "node_modules/@vue/compiler-core/node_modules/estree-walker": {
      "version": "2.0.2",
      "resolved": "https://registry.npmjs.org/estree-walker/-/estree-walker-2.0.2.tgz",
      "integrity": "sha512-Rfkk/Mp/DL7JVje3u18FxFujQlTNR2q6QfMSMB7AvCBx91NGj/ba3kCfza0f6dVDbw7YlRf/nDrn7pQrCCyQ/w==",
      "dev": true,
      "peer": true
    },
    "node_modules/@vue/compiler-dom": {
      "version": "3.3.4",
      "resolved": "https://registry.npmjs.org/@vue/compiler-dom/-/compiler-dom-3.3.4.tgz",
      "integrity": "sha512-wyM+OjOVpuUukIq6p5+nwHYtj9cFroz9cwkfmP9O1nzH68BenTTv0u7/ndggT8cIQlnBeOo6sUT/gvHcIkLA5w==",
      "dev": true,
      "peer": true,
      "dependencies": {
        "@vue/compiler-core": "3.3.4",
        "@vue/shared": "3.3.4"
      }
    },
    "node_modules/@vue/compiler-sfc": {
      "version": "3.3.4",
      "resolved": "https://registry.npmjs.org/@vue/compiler-sfc/-/compiler-sfc-3.3.4.tgz",
      "integrity": "sha512-6y/d8uw+5TkCuzBkgLS0v3lSM3hJDntFEiUORM11pQ/hKvkhSKZrXW6i69UyXlJQisJxuUEJKAWEqWbWsLeNKQ==",
      "dev": true,
      "peer": true,
      "dependencies": {
        "@babel/parser": "^7.20.15",
        "@vue/compiler-core": "3.3.4",
        "@vue/compiler-dom": "3.3.4",
        "@vue/compiler-ssr": "3.3.4",
        "@vue/reactivity-transform": "3.3.4",
        "@vue/shared": "3.3.4",
        "estree-walker": "^2.0.2",
        "magic-string": "^0.30.0",
        "postcss": "^8.1.10",
        "source-map-js": "^1.0.2"
      }
    },
    "node_modules/@vue/compiler-sfc/node_modules/estree-walker": {
      "version": "2.0.2",
      "resolved": "https://registry.npmjs.org/estree-walker/-/estree-walker-2.0.2.tgz",
      "integrity": "sha512-Rfkk/Mp/DL7JVje3u18FxFujQlTNR2q6QfMSMB7AvCBx91NGj/ba3kCfza0f6dVDbw7YlRf/nDrn7pQrCCyQ/w==",
      "dev": true,
      "peer": true
    },
    "node_modules/@vue/compiler-sfc/node_modules/magic-string": {
      "version": "0.30.4",
      "resolved": "https://registry.npmjs.org/magic-string/-/magic-string-0.30.4.tgz",
      "integrity": "sha512-Q/TKtsC5BPm0kGqgBIF9oXAs/xEf2vRKiIB4wCRQTJOQIByZ1d+NnUOotvJOvNpi5RNIgVOMC3pOuaP1ZTDlVg==",
      "dev": true,
      "peer": true,
      "dependencies": {
        "@jridgewell/sourcemap-codec": "^1.4.15"
      },
      "engines": {
        "node": ">=12"
      }
    },
    "node_modules/@vue/compiler-sfc/node_modules/postcss": {
      "version": "8.4.31",
      "resolved": "https://registry.npmjs.org/postcss/-/postcss-8.4.31.tgz",
      "integrity": "sha512-PS08Iboia9mts/2ygV3eLpY5ghnUcfLV/EXTOW1E2qYxJKGGBUtNjN76FYHnMs36RmARn41bC0AZmn+rR0OVpQ==",
      "dev": true,
      "funding": [
        {
          "type": "opencollective",
          "url": "https://opencollective.com/postcss/"
        },
        {
          "type": "tidelift",
          "url": "https://tidelift.com/funding/github/npm/postcss"
        },
        {
          "type": "github",
          "url": "https://github.com/sponsors/ai"
        }
      ],
      "peer": true,
      "dependencies": {
        "nanoid": "^3.3.6",
        "picocolors": "^1.0.0",
        "source-map-js": "^1.0.2"
      },
      "engines": {
        "node": "^10 || ^12 || >=14"
      }
    },
    "node_modules/@vue/compiler-ssr": {
      "version": "3.3.4",
      "resolved": "https://registry.npmjs.org/@vue/compiler-ssr/-/compiler-ssr-3.3.4.tgz",
      "integrity": "sha512-m0v6oKpup2nMSehwA6Uuu+j+wEwcy7QmwMkVNVfrV9P2qE5KshC6RwOCq8fjGS/Eak/uNb8AaWekfiXxbBB6gQ==",
      "dev": true,
      "peer": true,
      "dependencies": {
        "@vue/compiler-dom": "3.3.4",
        "@vue/shared": "3.3.4"
      }
    },
    "node_modules/@vue/reactivity-transform": {
      "version": "3.3.4",
      "resolved": "https://registry.npmjs.org/@vue/reactivity-transform/-/reactivity-transform-3.3.4.tgz",
      "integrity": "sha512-MXgwjako4nu5WFLAjpBnCj/ieqcjE2aJBINUNQzkZQfzIZA4xn+0fV1tIYBJvvva3N3OvKGofRLvQIwEQPpaXw==",
      "dev": true,
      "peer": true,
      "dependencies": {
        "@babel/parser": "^7.20.15",
        "@vue/compiler-core": "3.3.4",
        "@vue/shared": "3.3.4",
        "estree-walker": "^2.0.2",
        "magic-string": "^0.30.0"
      }
    },
    "node_modules/@vue/reactivity-transform/node_modules/estree-walker": {
      "version": "2.0.2",
      "resolved": "https://registry.npmjs.org/estree-walker/-/estree-walker-2.0.2.tgz",
      "integrity": "sha512-Rfkk/Mp/DL7JVje3u18FxFujQlTNR2q6QfMSMB7AvCBx91NGj/ba3kCfza0f6dVDbw7YlRf/nDrn7pQrCCyQ/w==",
      "dev": true,
      "peer": true
    },
    "node_modules/@vue/reactivity-transform/node_modules/magic-string": {
      "version": "0.30.4",
      "resolved": "https://registry.npmjs.org/magic-string/-/magic-string-0.30.4.tgz",
      "integrity": "sha512-Q/TKtsC5BPm0kGqgBIF9oXAs/xEf2vRKiIB4wCRQTJOQIByZ1d+NnUOotvJOvNpi5RNIgVOMC3pOuaP1ZTDlVg==",
      "dev": true,
      "peer": true,
      "dependencies": {
        "@jridgewell/sourcemap-codec": "^1.4.15"
      },
      "engines": {
        "node": ">=12"
      }
    },
    "node_modules/@vue/shared": {
      "version": "3.3.4",
      "resolved": "https://registry.npmjs.org/@vue/shared/-/shared-3.3.4.tgz",
      "integrity": "sha512-7OjdcV8vQ74eiz1TZLzZP4JwqM5fA94K6yntPS5Z25r9HDuGNzaGdgvwKYq6S+MxwF0TFRwe50fIR/MYnakdkQ==",
      "dev": true,
      "peer": true
    },
    "node_modules/de-indent": {
      "version": "1.0.2",
      "resolved": "https://registry.npmjs.org/de-indent/-/de-indent-1.0.2.tgz",
      "integrity": "sha1-sgOOhG3DO6pXlhKNCAS0VbjB4h0=",
      "dev": true
    },
    "node_modules/debug": {
      "version": "4.1.1",
      "resolved": "https://registry.npmjs.org/debug/-/debug-4.1.1.tgz",
      "integrity": "sha512-pYAIzeRo8J6KPEaJ0VWOh5Pzkbw/RetuzehGM7QRRX5he4fPHx2rdKMB256ehJCkX+XRQm16eZLqLNS8RSZXZw==",
      "deprecated": "Debug versions >=3.2.0 <3.2.7 || >=4 <4.3.1 have a low-severity ReDos regression when used in a Node.js environment. It is recommended you upgrade to 3.2.7 or 4.3.1. (https://github.com/visionmedia/debug/issues/797)",
      "dev": true,
      "dependencies": {
        "ms": "^2.1.1"
      }
    },
    "node_modules/estree-walker": {
      "version": "0.6.1",
      "resolved": "https://registry.npmjs.org/estree-walker/-/estree-walker-0.6.1.tgz",
      "integrity": "sha512-SqmZANLWS0mnatqbSfRP5g8OXZC12Fgg1IwNtLsyHDzJizORW4khDfjPqJZsemPWBB2uqykUah5YpQ6epsqC/w==",
      "dev": true
    },
    "node_modules/fsevents": {
      "version": "2.3.3",
      "resolved": "https://registry.npmjs.org/fsevents/-/fsevents-2.3.3.tgz",
      "integrity": "sha512-5xoDfX+fL7faATnagmWPpbFtwh/R77WmMMqqHGS65C3vvB0YHrgF+B1YmZ3441tMj5n63k0212XNoJwzlhffQw==",
      "dev": true,
      "hasInstallScript": true,
      "optional": true,
      "os": [
        "darwin"
      ],
      "engines": {
        "node": "^8.16.0 || ^10.6.0 || >=11.0.0"
      }
    },
    "node_modules/has": {
      "version": "1.0.4",
      "resolved": "https://registry.npmjs.org/has/-/has-1.0.4.tgz",
      "integrity": "sha512-qdSAmqLF6209RFj4VVItywPMbm3vWylknmB3nvNiUIs72xAimcM8nVYxYr7ncvZq5qzk9MKIZR8ijqD/1QuYjQ==",
      "dev": true,
      "engines": {
        "node": ">= 0.4.0"
      }
    },
    "node_modules/he": {
      "version": "1.2.0",
      "resolved": "https://registry.npmjs.org/he/-/he-1.2.0.tgz",
      "integrity": "sha512-F/1DnUGPopORZi0ni+CvrCgHQ5FyEAHRLSApuYWMmrbSwoN2Mn/7k+Gl38gJnR7yyDZk6WLXwiGod1JOWNDKGw==",
      "dev": true,
      "bin": {
        "he": "bin/he"
      }
    },
    "node_modules/is-core-module": {
      "version": "2.13.0",
      "resolved": "https://registry.npmjs.org/is-core-module/-/is-core-module-2.13.0.tgz",
      "integrity": "sha512-Z7dk6Qo8pOCp3l4tsX2C5ZVas4V+UxwQodwZhLopL91TX8UyyHEXafPcyoeeWuLrwzHcr3igO78wNLwHJHsMCQ==",
      "dev": true,
      "dependencies": {
        "has": "^1.0.3"
      },
      "funding": {
        "url": "https://github.com/sponsors/ljharb"
      }
    },
    "node_modules/is-reference": {
      "version": "1.2.1",
      "resolved": "https://registry.npmjs.org/is-reference/-/is-reference-1.2.1.tgz",
      "integrity": "sha512-U82MsXXiFIrjCK4otLT+o2NA2Cd2g5MLoOVXUZjIOhLurrRxpEXzI8O0KZHr3IjLvlAH1kTPYSuqer5T9ZVBKQ==",
      "dev": true,
      "dependencies": {
        "@types/estree": "*"
      }
    },
    "node_modules/magic-string": {
      "version": "0.25.2",
      "resolved": "https://registry.npmjs.org/magic-string/-/magic-string-0.25.2.tgz",
      "integrity": "sha512-iLs9mPjh9IuTtRsqqhNGYcZXGei0Nh/A4xirrsqW7c+QhKVFL2vm7U09ru6cHRD22azaP/wMDgI+HCqbETMTtg==",
      "dev": true,
      "dependencies": {
        "sourcemap-codec": "^1.4.4"
      }
    },
    "node_modules/ms": {
      "version": "2.1.1",
      "resolved": "https://registry.npmjs.org/ms/-/ms-2.1.1.tgz",
      "integrity": "sha512-tgp+dl5cGk28utYktBsrFqA7HKgrhgPsg6Z/EfhWI4gl1Hwq8B/GmY/0oXZ6nF8hDVesS/FpnYaD/kOWhYQvyg==",
      "dev": true
    },
    "node_modules/nanoid": {
      "version": "3.3.6",
      "resolved": "https://registry.npmjs.org/nanoid/-/nanoid-3.3.6.tgz",
      "integrity": "sha512-BGcqMMJuToF7i1rt+2PWSNVnWIkGCU78jBG3RxO/bZlnZPK2Cmi2QaffxGO/2RvWi9sL+FAiRiXMgsyxQ1DIDA==",
      "dev": true,
      "funding": [
        {
          "type": "github",
          "url": "https://github.com/sponsors/ai"
        }
      ],
      "peer": true,
      "bin": {
        "nanoid": "bin/nanoid.cjs"
      },
      "engines": {
        "node": "^10 || ^12 || ^13.7 || ^14 || >=15.0.1"
      }
    },
    "node_modules/path-parse": {
      "version": "1.0.7",
      "resolved": "https://registry.npmjs.org/path-parse/-/path-parse-1.0.7.tgz",
      "integrity": "sha512-LDJzPVEEEPR+y48z93A0Ed0yXb8pAByGWo/k5YYdYgpY2/2EsOsksJrq7lOHxryrVOn1ejG6oAp8ahvOIQD8sw==",
      "dev": true
    },
    "node_modules/picocolors": {
      "version": "1.0.0",
      "resolved": "https://registry.npmjs.org/picocolors/-/picocolors-1.0.0.tgz",
      "integrity": "sha512-1fygroTLlHu66zi26VoTDv8yRgm0Fccecssto+MhsZ0D/DGW2sm8E8AjW7NU5VVTRt5GxbeZ5qBuJr+HyLYkjQ==",
      "dev": true,
      "peer": true
    },
    "node_modules/resolve": {
      "version": "1.22.6",
      "resolved": "https://registry.npmjs.org/resolve/-/resolve-1.22.6.tgz",
      "integrity": "sha512-njhxM7mV12JfufShqGy3Rz8j11RPdLy4xi15UurGJeoHLfJpVXKdh3ueuOqbYUcDZnffr6X739JBo5LzyahEsw==",
      "dev": true,
      "dependencies": {
        "is-core-module": "^2.13.0",
        "path-parse": "^1.0.7",
        "supports-preserve-symlinks-flag": "^1.0.0"
      },
      "bin": {
        "resolve": "bin/resolve"
      },
      "funding": {
        "url": "https://github.com/sponsors/ljharb"
      }
    },
    "node_modules/rollup": {
      "version": "4.0.0",
      "resolved": "https://registry.npmjs.org/rollup/-/rollup-4.0.0.tgz",
      "integrity": "sha512-dtlkoIdp/g2glVlQb6FzhMAMzhMYVIJ3KLGjhWKkwz/ambEuHeVZ7Eg6GALhHZOsDRD+ZWSjnUikZXPyb22puQ==",
      "dev": true,
      "bin": {
        "rollup": "dist/bin/rollup"
      },
      "engines": {
        "node": ">=18.0.0",
        "npm": ">=8.0.0"
      },
      "optionalDependencies": {
        "@rollup/rollup-android-arm-eabi": "4.0.0",
        "@rollup/rollup-android-arm64": "4.0.0",
        "@rollup/rollup-darwin-arm64": "4.0.0",
        "@rollup/rollup-darwin-x64": "4.0.0",
        "@rollup/rollup-linux-arm-gnueabihf": "4.0.0",
        "@rollup/rollup-linux-arm64-gnu": "4.0.0",
        "@rollup/rollup-linux-x64-gnu": "4.0.0",
        "@rollup/rollup-linux-x64-musl": "4.0.0",
        "@rollup/rollup-win32-arm64-msvc": "4.0.0",
        "@rollup/rollup-win32-ia32-msvc": "4.0.0",
        "@rollup/rollup-win32-x64-msvc": "4.0.0",
        "fsevents": "~2.3.2"
      }
    },
    "node_modules/rollup-plugin-commonjs": {
      "version": "10.1.0",
      "resolved": "https://registry.npmjs.org/rollup-plugin-commonjs/-/rollup-plugin-commonjs-10.1.0.tgz",
      "integrity": "sha512-jlXbjZSQg8EIeAAvepNwhJj++qJWNJw1Cl0YnOqKtP5Djx+fFGkp3WRh+W0ASCaFG5w1jhmzDxgu3SJuVxPF4Q==",
      "deprecated": "This package has been deprecated and is no longer maintained. Please use @rollup/plugin-commonjs.",
      "dev": true,
      "dependencies": {
        "estree-walker": "^0.6.1",
        "is-reference": "^1.1.2",
        "magic-string": "^0.25.2",
        "resolve": "^1.11.0",
        "rollup-pluginutils": "^2.8.1"
      },
      "peerDependencies": {
        "rollup": ">=1.12.0"
      }
    },
    "node_modules/rollup-plugin-vue": {
      "version": "6.0.0",
      "resolved": "https://registry.npmjs.org/rollup-plugin-vue/-/rollup-plugin-vue-6.0.0.tgz",
      "integrity": "sha512-oVvUd84d5u73M2HYM3XsMDLtZRIA/tw2U0dmHlXU2UWP5JARYHzh/U9vcxaN/x/9MrepY7VH3pHFeOhrWpxs/Q==",
      "dev": true,
      "dependencies": {
        "debug": "^4.1.1",
        "hash-sum": "^2.0.0",
        "rollup-pluginutils": "^2.8.2"
      },
      "peerDependencies": {
        "@vue/compiler-sfc": "*"
      }
    },
    "node_modules/rollup-plugin-vue/node_modules/hash-sum": {
      "version": "2.0.0",
      "resolved": "https://registry.npmjs.org/hash-sum/-/hash-sum-2.0.0.tgz",
      "integrity": "sha512-WdZTbAByD+pHfl/g9QSsBIIwy8IT+EsPiKDs0KNX+zSHhdDLFKdZu0BQHljvO+0QI/BasbMSUa8wYNCZTvhslg==",
      "dev": true
    },
    "node_modules/rollup-pluginutils": {
      "version": "2.8.2",
      "resolved": "https://registry.npmjs.org/rollup-pluginutils/-/rollup-pluginutils-2.8.2.tgz",
      "integrity": "sha512-EEp9NhnUkwY8aif6bxgovPHMoMoNr2FulJziTndpt5H9RdwC47GSGuII9XxpSdzVGM0GWrNPHV6ie1LTNJPaLQ==",
      "dev": true,
      "dependencies": {
        "estree-walker": "^0.6.1"
      }
    },
    "node_modules/source-map-js": {
      "version": "1.0.2",
      "resolved": "https://registry.npmjs.org/source-map-js/-/source-map-js-1.0.2.tgz",
      "integrity": "sha512-R0XvVJ9WusLiqTCEiGCmICCMplcCkIwwR11mOSD9CR5u+IXYdiseeEuXCVAjS54zqwkLcPNnmU4OeJ6tUrWhDw==",
      "dev": true,
      "peer": true,
      "engines": {
        "node": ">=0.10.0"
      }
    },
    "node_modules/sourcemap-codec": {
      "version": "1.4.4",
      "resolved": "https://registry.npmjs.org/sourcemap-codec/-/sourcemap-codec-1.4.4.tgz",
      "integrity": "sha512-CYAPYdBu34781kLHkaW3m6b/uUSyMOC2R61gcYMWooeuaGtjof86ZA/8T+qVPPt7np1085CR9hmMGrySwEc8Xg==",
      "deprecated": "Please use @jridgewell/sourcemap-codec instead",
      "dev": true
    },
    "node_modules/supports-preserve-symlinks-flag": {
      "version": "1.0.0",
      "resolved": "https://registry.npmjs.org/supports-preserve-symlinks-flag/-/supports-preserve-symlinks-flag-1.0.0.tgz",
      "integrity": "sha512-ot0WnXS9fgdkgIcePe6RHNk1WA8+muPa6cSjeR3V8K27q9BB1rTE3R1p7Hv0z1ZyAc8s6Vvv8DIyWf681MAt0w==",
      "dev": true,
      "engines": {
        "node": ">= 0.4"
      },
      "funding": {
        "url": "https://github.com/sponsors/ljharb"
      }
    },
    "node_modules/vue-template-compiler": {
      "version": "2.6.10",
      "resolved": "https://registry.npmjs.org/vue-template-compiler/-/vue-template-compiler-2.6.10.tgz",
      "integrity": "sha512-jVZkw4/I/HT5ZMvRnhv78okGusqe0+qH2A0Em0Cp8aq78+NK9TII263CDVz2QXZsIT+yyV/gZc/j/vlwa+Epyg==",
      "dev": true,
      "dependencies": {
        "de-indent": "^1.0.2",
        "he": "^1.1.0"
      }
    }
  },
  "dependencies": {
    "@babel/parser": {
      "version": "7.23.0",
      "resolved": "https://registry.npmjs.org/@babel/parser/-/parser-7.23.0.tgz",
      "integrity": "sha512-vvPKKdMemU85V9WE/l5wZEmImpCtLqbnTvqDS2U1fJ96KrxoW7KrXhNsNCblQlg8Ck4b85yxdTyelsMUgFUXiw==",
      "dev": true,
      "peer": true
    },
    "@jridgewell/sourcemap-codec": {
      "version": "1.4.15",
      "resolved": "https://registry.npmjs.org/@jridgewell/sourcemap-codec/-/sourcemap-codec-1.4.15.tgz",
      "integrity": "sha512-eF2rxCRulEKXHTRiDrDy6erMYWqNw4LPdQ8UQA4huuxaQsVeRPFl2oM8oDGxMFhJUWZf9McpLtJasDDZb/Bpeg==",
      "dev": true,
      "peer": true
    },
    "@rollup/rollup-android-arm-eabi": {
      "version": "4.0.0",
      "resolved": "https://registry.npmjs.org/@rollup/rollup-android-arm-eabi/-/rollup-android-arm-eabi-4.0.0.tgz",
      "integrity": "sha512-rN3qt1JzOx0v7JWyK68zkb3yf1k1f1OhhHR0i7vLlGlediTtM3FKsOkestQN6HwJ9nEaP3KxPHxH5Xv7yr6f4w==",
      "dev": true,
      "optional": true
    },
    "@rollup/rollup-android-arm64": {
      "version": "4.0.0",
      "resolved": "https://registry.npmjs.org/@rollup/rollup-android-arm64/-/rollup-android-arm64-4.0.0.tgz",
      "integrity": "sha512-dcdg6Zp2bqIS/+2FHhdSS+lbcySufP2fYYoXkDa4W6uHE22L15psftdQZtFhxvvqRWPD1HsK0xIj5f07zuujkg==",
      "dev": true,
      "optional": true
    },
    "@rollup/rollup-darwin-arm64": {
      "version": "4.0.0",
      "resolved": "https://registry.npmjs.org/@rollup/rollup-darwin-arm64/-/rollup-darwin-arm64-4.0.0.tgz",
      "integrity": "sha512-mOz75DpOOHGk4+xYbh1E23vmSOrOqskTwq9s/e2Z46eYbTZ0+s/UVoS42cLG8dUe6enF2Xh3hTtiIEzLhO9kmA==",
      "dev": true,
      "optional": true
    },
    "@rollup/rollup-darwin-x64": {
      "version": "4.0.0",
      "resolved": "https://registry.npmjs.org/@rollup/rollup-darwin-x64/-/rollup-darwin-x64-4.0.0.tgz",
      "integrity": "sha512-rEBuHQ2ejl9gb0//19F88gR7Z9HY2kcCX8jT5LhCHqGqAvlloETXO1FD7DKEdqGz98UtJy6pVAxxeVBN4tlWag==",
      "dev": true,
      "optional": true
    },
    "@rollup/rollup-linux-arm-gnueabihf": {
      "version": "4.0.0",
      "resolved": "https://registry.npmjs.org/@rollup/rollup-linux-arm-gnueabihf/-/rollup-linux-arm-gnueabihf-4.0.0.tgz",
      "integrity": "sha512-W4Elp0SGWqWOkdgoYniOp6ERrhHYRfMPikUZmnU/kAdLXQ9p0M0meF648Z6Y7ClHJr8pIQpcCdmr7E2h8Kn7Fw==",
      "dev": true,
      "optional": true
    },
    "@rollup/rollup-linux-arm64-gnu": {
      "version": "4.0.0",
      "resolved": "https://registry.npmjs.org/@rollup/rollup-linux-arm64-gnu/-/rollup-linux-arm64-gnu-4.0.0.tgz",
      "integrity": "sha512-/BTevM/UKprMJgFse0nm+YXQ83iDqArru+k3kZtQlvaNMWdkLcyscOP8SwWPpR0CJuLlXr8Gtpps+EgH3TUqLA==",
      "dev": true,
      "optional": true
    },
    "@rollup/rollup-linux-x64-gnu": {
      "version": "4.0.0",
      "resolved": "https://registry.npmjs.org/@rollup/rollup-linux-x64-gnu/-/rollup-linux-x64-gnu-4.0.0.tgz",
      "integrity": "sha512-Pz2FD/4FUZM98+rcpuGAJgatW5/dW/pXXrbanjtir38EYqqmdVc0odHwqlQ+KFY2C5P+B6PJO5vom8PmJQLdug==",
      "dev": true,
      "optional": true
    },
    "@rollup/rollup-linux-x64-musl": {
      "version": "4.0.0",
      "resolved": "https://registry.npmjs.org/@rollup/rollup-linux-x64-musl/-/rollup-linux-x64-musl-4.0.0.tgz",
      "integrity": "sha512-Xs2tOshU5MD7nK5WnaSBUwiFdBlMtyKdXOOnBno4IRbDIyrjLtx9lnSIO47FNP0LtpGfyOcsK/lE/ZsLlnXyIg==",
      "dev": true,
      "optional": true
    },
    "@rollup/rollup-win32-arm64-msvc": {
      "version": "4.0.0",
      "resolved": "https://registry.npmjs.org/@rollup/rollup-win32-arm64-msvc/-/rollup-win32-arm64-msvc-4.0.0.tgz",
      "integrity": "sha512-h2r04SsqVMbmaIRSMN3HKQLYpKewJ7rWQx1SwEZQMeXRkecWFBBNOfoB3iMlvvUfc3VUOonR/3Dm/Op6yOD2Lg==",
      "dev": true,
      "optional": true
    },
    "@rollup/rollup-win32-ia32-msvc": {
      "version": "4.0.0",
      "resolved": "https://registry.npmjs.org/@rollup/rollup-win32-ia32-msvc/-/rollup-win32-ia32-msvc-4.0.0.tgz",
      "integrity": "sha512-1pl05L51RbVLnqZTEpbgG2RxeS7VLysF7vhU8v1EOAMqbLzko64r8+S2SxsNDKODsgusFqHO8rc3w+G9VUjodw==",
      "dev": true,
      "optional": true
    },
    "@rollup/rollup-win32-x64-msvc": {
      "version": "4.0.0",
      "resolved": "https://registry.npmjs.org/@rollup/rollup-win32-x64-msvc/-/rollup-win32-x64-msvc-4.0.0.tgz",
      "integrity": "sha512-GDi4TkL95/J0ven1wt+q2cfdg1k9UEIQiF58lSC36KUdA0xtlqgLPEDlNAhu6NTXJ491eiZ71lQbLu1D7hlz9w==",
      "dev": true,
      "optional": true
    },
    "@types/estree": {
      "version": "0.0.39",
      "resolved": "https://registry.npmjs.org/@types/estree/-/estree-0.0.39.tgz",
      "integrity": "sha512-EYNwp3bU+98cpU4lAWYYL7Zz+2gryWH1qbdDTidVd6hkiR6weksdbMadyXKXNPEkQFhXM+hVO9ZygomHXp+AIw==",
      "dev": true
    },
    "@vue/compiler-core": {
      "version": "3.3.4",
      "resolved": "https://registry.npmjs.org/@vue/compiler-core/-/compiler-core-3.3.4.tgz",
      "integrity": "sha512-cquyDNvZ6jTbf/+x+AgM2Arrp6G4Dzbb0R64jiG804HRMfRiFXWI6kqUVqZ6ZR0bQhIoQjB4+2bhNtVwndW15g==",
      "dev": true,
      "peer": true,
      "requires": {
        "@babel/parser": "^7.21.3",
        "@vue/shared": "3.3.4",
        "estree-walker": "^2.0.2",
        "source-map-js": "^1.0.2"
      },
      "dependencies": {
        "estree-walker": {
          "version": "2.0.2",
          "resolved": "https://registry.npmjs.org/estree-walker/-/estree-walker-2.0.2.tgz",
          "integrity": "sha512-Rfkk/Mp/DL7JVje3u18FxFujQlTNR2q6QfMSMB7AvCBx91NGj/ba3kCfza0f6dVDbw7YlRf/nDrn7pQrCCyQ/w==",
          "dev": true,
          "peer": true
        }
      }
    },
    "@vue/compiler-dom": {
      "version": "3.3.4",
      "resolved": "https://registry.npmjs.org/@vue/compiler-dom/-/compiler-dom-3.3.4.tgz",
      "integrity": "sha512-wyM+OjOVpuUukIq6p5+nwHYtj9cFroz9cwkfmP9O1nzH68BenTTv0u7/ndggT8cIQlnBeOo6sUT/gvHcIkLA5w==",
      "dev": true,
      "peer": true,
      "requires": {
        "@vue/compiler-core": "3.3.4",
        "@vue/shared": "3.3.4"
      }
    },
    "@vue/compiler-sfc": {
      "version": "3.3.4",
      "resolved": "https://registry.npmjs.org/@vue/compiler-sfc/-/compiler-sfc-3.3.4.tgz",
      "integrity": "sha512-6y/d8uw+5TkCuzBkgLS0v3lSM3hJDntFEiUORM11pQ/hKvkhSKZrXW6i69UyXlJQisJxuUEJKAWEqWbWsLeNKQ==",
      "dev": true,
      "peer": true,
      "requires": {
        "@babel/parser": "^7.20.15",
        "@vue/compiler-core": "3.3.4",
        "@vue/compiler-dom": "3.3.4",
        "@vue/compiler-ssr": "3.3.4",
        "@vue/reactivity-transform": "3.3.4",
        "@vue/shared": "3.3.4",
        "estree-walker": "^2.0.2",
        "magic-string": "^0.30.0",
        "postcss": "^8.1.10",
        "source-map-js": "^1.0.2"
      },
      "dependencies": {
        "estree-walker": {
          "version": "2.0.2",
          "resolved": "https://registry.npmjs.org/estree-walker/-/estree-walker-2.0.2.tgz",
          "integrity": "sha512-Rfkk/Mp/DL7JVje3u18FxFujQlTNR2q6QfMSMB7AvCBx91NGj/ba3kCfza0f6dVDbw7YlRf/nDrn7pQrCCyQ/w==",
          "dev": true,
          "peer": true
        },
        "magic-string": {
          "version": "0.30.4",
          "resolved": "https://registry.npmjs.org/magic-string/-/magic-string-0.30.4.tgz",
          "integrity": "sha512-Q/TKtsC5BPm0kGqgBIF9oXAs/xEf2vRKiIB4wCRQTJOQIByZ1d+NnUOotvJOvNpi5RNIgVOMC3pOuaP1ZTDlVg==",
          "dev": true,
          "peer": true,
          "requires": {
            "@jridgewell/sourcemap-codec": "^1.4.15"
          }
        },
        "postcss": {
          "version": "8.4.31",
          "resolved": "https://registry.npmjs.org/postcss/-/postcss-8.4.31.tgz",
          "integrity": "sha512-PS08Iboia9mts/2ygV3eLpY5ghnUcfLV/EXTOW1E2qYxJKGGBUtNjN76FYHnMs36RmARn41bC0AZmn+rR0OVpQ==",
          "dev": true,
          "peer": true,
          "requires": {
            "nanoid": "^3.3.6",
            "picocolors": "^1.0.0",
            "source-map-js": "^1.0.2"
          }
        }
      }
    },
    "@vue/compiler-ssr": {
      "version": "3.3.4",
      "resolved": "https://registry.npmjs.org/@vue/compiler-ssr/-/compiler-ssr-3.3.4.tgz",
      "integrity": "sha512-m0v6oKpup2nMSehwA6Uuu+j+wEwcy7QmwMkVNVfrV9P2qE5KshC6RwOCq8fjGS/Eak/uNb8AaWekfiXxbBB6gQ==",
      "dev": true,
      "peer": true,
      "requires": {
        "@vue/compiler-dom": "3.3.4",
        "@vue/shared": "3.3.4"
      }
    },
    "@vue/reactivity-transform": {
      "version": "3.3.4",
      "resolved": "https://registry.npmjs.org/@vue/reactivity-transform/-/reactivity-transform-3.3.4.tgz",
      "integrity": "sha512-MXgwjako4nu5WFLAjpBnCj/ieqcjE2aJBINUNQzkZQfzIZA4xn+0fV1tIYBJvvva3N3OvKGofRLvQIwEQPpaXw==",
      "dev": true,
      "peer": true,
      "requires": {
        "@babel/parser": "^7.20.15",
        "@vue/compiler-core": "3.3.4",
        "@vue/shared": "3.3.4",
        "estree-walker": "^2.0.2",
        "magic-string": "^0.30.0"
      },
      "dependencies": {
        "estree-walker": {
          "version": "2.0.2",
          "resolved": "https://registry.npmjs.org/estree-walker/-/estree-walker-2.0.2.tgz",
          "integrity": "sha512-Rfkk/Mp/DL7JVje3u18FxFujQlTNR2q6QfMSMB7AvCBx91NGj/ba3kCfza0f6dVDbw7YlRf/nDrn7pQrCCyQ/w==",
          "dev": true,
          "peer": true
        },
        "magic-string": {
          "version": "0.30.4",
          "resolved": "https://registry.npmjs.org/magic-string/-/magic-string-0.30.4.tgz",
          "integrity": "sha512-Q/TKtsC5BPm0kGqgBIF9oXAs/xEf2vRKiIB4wCRQTJOQIByZ1d+NnUOotvJOvNpi5RNIgVOMC3pOuaP1ZTDlVg==",
          "dev": true,
          "peer": true,
          "requires": {
            "@jridgewell/sourcemap-codec": "^1.4.15"
          }
        }
      }
    },
    "@vue/shared": {
      "version": "3.3.4",
      "resolved": "https://registry.npmjs.org/@vue/shared/-/shared-3.3.4.tgz",
      "integrity": "sha512-7OjdcV8vQ74eiz1TZLzZP4JwqM5fA94K6yntPS5Z25r9HDuGNzaGdgvwKYq6S+MxwF0TFRwe50fIR/MYnakdkQ==",
      "dev": true,
      "peer": true
    },
    "de-indent": {
      "version": "1.0.2",
      "resolved": "https://registry.npmjs.org/de-indent/-/de-indent-1.0.2.tgz",
      "integrity": "sha1-sgOOhG3DO6pXlhKNCAS0VbjB4h0=",
      "dev": true
    },
    "debug": {
      "version": "4.1.1",
      "resolved": "https://registry.npmjs.org/debug/-/debug-4.1.1.tgz",
      "integrity": "sha512-pYAIzeRo8J6KPEaJ0VWOh5Pzkbw/RetuzehGM7QRRX5he4fPHx2rdKMB256ehJCkX+XRQm16eZLqLNS8RSZXZw==",
      "dev": true,
      "requires": {
        "ms": "^2.1.1"
      }
    },
    "estree-walker": {
      "version": "0.6.1",
      "resolved": "https://registry.npmjs.org/estree-walker/-/estree-walker-0.6.1.tgz",
      "integrity": "sha512-SqmZANLWS0mnatqbSfRP5g8OXZC12Fgg1IwNtLsyHDzJizORW4khDfjPqJZsemPWBB2uqykUah5YpQ6epsqC/w==",
      "dev": true
    },
    "fsevents": {
      "version": "2.3.3",
      "resolved": "https://registry.npmjs.org/fsevents/-/fsevents-2.3.3.tgz",
      "integrity": "sha512-5xoDfX+fL7faATnagmWPpbFtwh/R77WmMMqqHGS65C3vvB0YHrgF+B1YmZ3441tMj5n63k0212XNoJwzlhffQw==",
      "dev": true,
      "optional": true
    },
    "has": {
      "version": "1.0.4",
      "resolved": "https://registry.npmjs.org/has/-/has-1.0.4.tgz",
      "integrity": "sha512-qdSAmqLF6209RFj4VVItywPMbm3vWylknmB3nvNiUIs72xAimcM8nVYxYr7ncvZq5qzk9MKIZR8ijqD/1QuYjQ==",
      "dev": true
    },
    "he": {
      "version": "1.2.0",
      "resolved": "https://registry.npmjs.org/he/-/he-1.2.0.tgz",
      "integrity": "sha512-F/1DnUGPopORZi0ni+CvrCgHQ5FyEAHRLSApuYWMmrbSwoN2Mn/7k+Gl38gJnR7yyDZk6WLXwiGod1JOWNDKGw==",
      "dev": true
    },
    "is-core-module": {
      "version": "2.13.0",
      "resolved": "https://registry.npmjs.org/is-core-module/-/is-core-module-2.13.0.tgz",
      "integrity": "sha512-Z7dk6Qo8pOCp3l4tsX2C5ZVas4V+UxwQodwZhLopL91TX8UyyHEXafPcyoeeWuLrwzHcr3igO78wNLwHJHsMCQ==",
      "dev": true,
      "requires": {
        "has": "^1.0.3"
      }
    },
    "is-reference": {
      "version": "1.2.1",
      "resolved": "https://registry.npmjs.org/is-reference/-/is-reference-1.2.1.tgz",
      "integrity": "sha512-U82MsXXiFIrjCK4otLT+o2NA2Cd2g5MLoOVXUZjIOhLurrRxpEXzI8O0KZHr3IjLvlAH1kTPYSuqer5T9ZVBKQ==",
      "dev": true,
      "requires": {
        "@types/estree": "*"
      }
    },
    "magic-string": {
      "version": "0.25.2",
      "resolved": "https://registry.npmjs.org/magic-string/-/magic-string-0.25.2.tgz",
      "integrity": "sha512-iLs9mPjh9IuTtRsqqhNGYcZXGei0Nh/A4xirrsqW7c+QhKVFL2vm7U09ru6cHRD22azaP/wMDgI+HCqbETMTtg==",
      "dev": true,
      "requires": {
        "sourcemap-codec": "^1.4.4"
      }
    },
    "ms": {
      "version": "2.1.1",
      "resolved": "https://registry.npmjs.org/ms/-/ms-2.1.1.tgz",
      "integrity": "sha512-tgp+dl5cGk28utYktBsrFqA7HKgrhgPsg6Z/EfhWI4gl1Hwq8B/GmY/0oXZ6nF8hDVesS/FpnYaD/kOWhYQvyg==",
      "dev": true
    },
    "nanoid": {
      "version": "3.3.6",
      "resolved": "https://registry.npmjs.org/nanoid/-/nanoid-3.3.6.tgz",
      "integrity": "sha512-BGcqMMJuToF7i1rt+2PWSNVnWIkGCU78jBG3RxO/bZlnZPK2Cmi2QaffxGO/2RvWi9sL+FAiRiXMgsyxQ1DIDA==",
      "dev": true,
      "peer": true
    },
    "path-parse": {
      "version": "1.0.7",
      "resolved": "https://registry.npmjs.org/path-parse/-/path-parse-1.0.7.tgz",
      "integrity": "sha512-LDJzPVEEEPR+y48z93A0Ed0yXb8pAByGWo/k5YYdYgpY2/2EsOsksJrq7lOHxryrVOn1ejG6oAp8ahvOIQD8sw==",
      "dev": true
    },
    "picocolors": {
      "version": "1.0.0",
      "resolved": "https://registry.npmjs.org/picocolors/-/picocolors-1.0.0.tgz",
      "integrity": "sha512-1fygroTLlHu66zi26VoTDv8yRgm0Fccecssto+MhsZ0D/DGW2sm8E8AjW7NU5VVTRt5GxbeZ5qBuJr+HyLYkjQ==",
      "dev": true,
      "peer": true
    },
    "resolve": {
      "version": "1.22.6",
      "resolved": "https://registry.npmjs.org/resolve/-/resolve-1.22.6.tgz",
      "integrity": "sha512-njhxM7mV12JfufShqGy3Rz8j11RPdLy4xi15UurGJeoHLfJpVXKdh3ueuOqbYUcDZnffr6X739JBo5LzyahEsw==",
      "dev": true,
      "requires": {
        "is-core-module": "^2.13.0",
        "path-parse": "^1.0.7",
        "supports-preserve-symlinks-flag": "^1.0.0"
      }
    },
    "rollup": {
      "version": "4.0.0",
      "resolved": "https://registry.npmjs.org/rollup/-/rollup-4.0.0.tgz",
      "integrity": "sha512-dtlkoIdp/g2glVlQb6FzhMAMzhMYVIJ3KLGjhWKkwz/ambEuHeVZ7Eg6GALhHZOsDRD+ZWSjnUikZXPyb22puQ==",
      "dev": true,
      "requires": {
        "@rollup/rollup-android-arm-eabi": "4.0.0",
        "@rollup/rollup-android-arm64": "4.0.0",
        "@rollup/rollup-darwin-arm64": "4.0.0",
        "@rollup/rollup-darwin-x64": "4.0.0",
        "@rollup/rollup-linux-arm-gnueabihf": "4.0.0",
        "@rollup/rollup-linux-arm64-gnu": "4.0.0",
        "@rollup/rollup-linux-x64-gnu": "4.0.0",
        "@rollup/rollup-linux-x64-musl": "4.0.0",
        "@rollup/rollup-win32-arm64-msvc": "4.0.0",
        "@rollup/rollup-win32-ia32-msvc": "4.0.0",
        "@rollup/rollup-win32-x64-msvc": "4.0.0",
        "fsevents": "~2.3.2"
      }
    },
    "rollup-plugin-commonjs": {
      "version": "10.1.0",
      "resolved": "https://registry.npmjs.org/rollup-plugin-commonjs/-/rollup-plugin-commonjs-10.1.0.tgz",
      "integrity": "sha512-jlXbjZSQg8EIeAAvepNwhJj++qJWNJw1Cl0YnOqKtP5Djx+fFGkp3WRh+W0ASCaFG5w1jhmzDxgu3SJuVxPF4Q==",
      "dev": true,
      "requires": {
        "estree-walker": "^0.6.1",
        "is-reference": "^1.1.2",
        "magic-string": "^0.25.2",
        "resolve": "^1.11.0",
        "rollup-pluginutils": "^2.8.1"
      }
    },
    "rollup-plugin-vue": {
      "version": "6.0.0",
      "resolved": "https://registry.npmjs.org/rollup-plugin-vue/-/rollup-plugin-vue-6.0.0.tgz",
      "integrity": "sha512-oVvUd84d5u73M2HYM3XsMDLtZRIA/tw2U0dmHlXU2UWP5JARYHzh/U9vcxaN/x/9MrepY7VH3pHFeOhrWpxs/Q==",
      "dev": true,
      "requires": {
        "debug": "^4.1.1",
        "hash-sum": "^2.0.0",
        "rollup-pluginutils": "^2.8.2"
      },
      "dependencies": {
        "hash-sum": {
          "version": "2.0.0",
          "resolved": "https://registry.npmjs.org/hash-sum/-/hash-sum-2.0.0.tgz",
          "integrity": "sha512-WdZTbAByD+pHfl/g9QSsBIIwy8IT+EsPiKDs0KNX+zSHhdDLFKdZu0BQHljvO+0QI/BasbMSUa8wYNCZTvhslg==",
          "dev": true
        }
      }
    },
    "rollup-pluginutils": {
      "version": "2.8.2",
      "resolved": "https://registry.npmjs.org/rollup-pluginutils/-/rollup-pluginutils-2.8.2.tgz",
      "integrity": "sha512-EEp9NhnUkwY8aif6bxgovPHMoMoNr2FulJziTndpt5H9RdwC47GSGuII9XxpSdzVGM0GWrNPHV6ie1LTNJPaLQ==",
      "dev": true,
      "requires": {
        "estree-walker": "^0.6.1"
      }
    },
    "source-map-js": {
      "version": "1.0.2",
      "resolved": "https://registry.npmjs.org/source-map-js/-/source-map-js-1.0.2.tgz",
      "integrity": "sha512-R0XvVJ9WusLiqTCEiGCmICCMplcCkIwwR11mOSD9CR5u+IXYdiseeEuXCVAjS54zqwkLcPNnmU4OeJ6tUrWhDw==",
      "dev": true,
      "peer": true
    },
    "sourcemap-codec": {
      "version": "1.4.4",
      "resolved": "https://registry.npmjs.org/sourcemap-codec/-/sourcemap-codec-1.4.4.tgz",
      "integrity": "sha512-CYAPYdBu34781kLHkaW3m6b/uUSyMOC2R61gcYMWooeuaGtjof86ZA/8T+qVPPt7np1085CR9hmMGrySwEc8Xg==",
      "dev": true
    },
    "supports-preserve-symlinks-flag": {
      "version": "1.0.0",
      "resolved": "https://registry.npmjs.org/supports-preserve-symlinks-flag/-/supports-preserve-symlinks-flag-1.0.0.tgz",
      "integrity": "sha512-ot0WnXS9fgdkgIcePe6RHNk1WA8+muPa6cSjeR3V8K27q9BB1rTE3R1p7Hv0z1ZyAc8s6Vvv8DIyWf681MAt0w==",
      "dev": true
    },
    "vue-template-compiler": {
      "version": "2.6.10",
      "resolved": "https://registry.npmjs.org/vue-template-compiler/-/vue-template-compiler-2.6.10.tgz",
      "integrity": "sha512-jVZkw4/I/HT5ZMvRnhv78okGusqe0+qH2A0Em0Cp8aq78+NK9TII263CDVz2QXZsIT+yyV/gZc/j/vlwa+Epyg==",
      "dev": true,
      "requires": {
        "de-indent": "^1.0.2",
        "he": "^1.1.0"
      }
    }
  }
}
